
Microsoft Visual Studio Solution File, Format Version 12.00
# Visual Studio Version 17
VisualStudioVersion = 17.8.34525.116
MinimumVisualStudioVersion = 10.0.40219.1
Project("{FAE04EC0-301F-11D3-BF4B-00C04F79EFBC}") = "basedatosWFP1A", "basedatosWFP1A.csproj", "{C2721CBC-6AF7-4532-B6CB-4B81CE81FA83}"
EndProject
Global
	GlobalSection(SolutionConfigurationPlatforms) = preSolution
		Debug|Any CPU = Debug|Any CPU
		Release|Any CPU = Release|Any CPU
	EndGlobalSection
	GlobalSection(ProjectConfigurationPlatforms) = postSolution
		{C2721CBC-6AF7-4532-B6CB-4B81CE81FA83}.Debug|Any CPU.ActiveCfg = Debug|Any CPU
		{C2721CBC-6AF7-4532-B6CB-4B81CE81FA83}.Debug|Any CPU.Build.0 = Debug|Any CPU
		{C2721CBC-6AF7-4532-B6CB-4B81CE81FA83}.Release|Any CPU.ActiveCfg = Release|Any CPU
		{C2721CBC-6AF7-4532-B6CB-4B81CE81FA83}.Release|Any CPU.Build.0 = Release|Any CPU
	EndGlobalSection
	GlobalSection(SolutionProperties) = preSolution
		HideSolutionNode = FALSE
	EndGlobalSection
	GlobalSection(ExtensibilityGlobals) = postSolution
		SolutionGuid = {1E5B7265-523D-4134-9FDE-508E97B878C7}
	EndGlobalSection
EndGlobal
