
Microsoft Visual Studio Solution File, Format Version 12.00
# Visual Studio Version 17
VisualStudioVersion = 17.8.34525.116
MinimumVisualStudioVersion = 10.0.40219.1
Project("{FAE04EC0-301F-11D3-BF4B-00C04F79EFBC}") = "primerProyectoProgra1", "primerProyectoProgra1.csproj", "{2346530E-46BB-4828-820E-C1551F90CCD7}"
EndProject
Global
	GlobalSection(SolutionConfigurationPlatforms) = preSolution
		Debug|Any CPU = Debug|Any CPU
		Release|Any CPU = Release|Any CPU
	EndGlobalSection
	GlobalSection(ProjectConfigurationPlatforms) = postSolution
		{2346530E-46BB-4828-820E-C1551F90CCD7}.Debug|Any CPU.ActiveCfg = Debug|Any CPU
		{2346530E-46BB-4828-820E-C1551F90CCD7}.Debug|Any CPU.Build.0 = Debug|Any CPU
		{2346530E-46BB-4828-820E-C1551F90CCD7}.Release|Any CPU.ActiveCfg = Release|Any CPU
		{2346530E-46BB-4828-820E-C1551F90CCD7}.Release|Any CPU.Build.0 = Release|Any CPU
	EndGlobalSection
	GlobalSection(SolutionProperties) = preSolution
		HideSolutionNode = FALSE
	EndGlobalSection
	GlobalSection(ExtensibilityGlobals) = postSolution
		SolutionGuid = {6774605E-3598-4794-A23C-044E6607E573}
	EndGlobalSection
EndGlobal
