
Microsoft Visual Studio Solution File, Format Version 12.00
# Visual Studio Version 17
VisualStudioVersion = 17.8.34525.116
MinimumVisualStudioVersion = 10.0.40219.1
Project("{FAE04EC0-301F-11D3-BF4B-00C04F79EFBC}") = "databaseWFP1A", "databaseWFP1A.csproj", "{EB25A4E0-FBB4-4D86-BE4D-70A8B5748EF9}"
EndProject
Global
	GlobalSection(SolutionConfigurationPlatforms) = preSolution
		Debug|Any CPU = Debug|Any CPU
		Release|Any CPU = Release|Any CPU
	EndGlobalSection
	GlobalSection(ProjectConfigurationPlatforms) = postSolution
		{EB25A4E0-FBB4-4D86-BE4D-70A8B5748EF9}.Debug|Any CPU.ActiveCfg = Debug|Any CPU
		{EB25A4E0-FBB4-4D86-BE4D-70A8B5748EF9}.Debug|Any CPU.Build.0 = Debug|Any CPU
		{EB25A4E0-FBB4-4D86-BE4D-70A8B5748EF9}.Release|Any CPU.ActiveCfg = Release|Any CPU
		{EB25A4E0-FBB4-4D86-BE4D-70A8B5748EF9}.Release|Any CPU.Build.0 = Release|Any CPU
	EndGlobalSection
	GlobalSection(SolutionProperties) = preSolution
		HideSolutionNode = FALSE
	EndGlobalSection
	GlobalSection(ExtensibilityGlobals) = postSolution
		SolutionGuid = {AD2F6075-3C6B-47D8-A3B5-A998BF8597BF}
	EndGlobalSection
EndGlobal
