
Microsoft Visual Studio Solution File, Format Version 12.00
# Visual Studio Version 17
VisualStudioVersion = 17.8.34525.116
MinimumVisualStudioVersion = 10.0.40219.1
Project("{FAE04EC0-301F-11D3-BF4B-00C04F79EFBC}") = "tarea_bug_matrices", "tarea_bug_matrices.csproj", "{5D173E05-06B4-4596-BECA-89CAD4D1CFDC}"
EndProject
Global
	GlobalSection(SolutionConfigurationPlatforms) = preSolution
		Debug|Any CPU = Debug|Any CPU
		Release|Any CPU = Release|Any CPU
	EndGlobalSection
	GlobalSection(ProjectConfigurationPlatforms) = postSolution
		{5D173E05-06B4-4596-BECA-89CAD4D1CFDC}.Debug|Any CPU.ActiveCfg = Debug|Any CPU
		{5D173E05-06B4-4596-BECA-89CAD4D1CFDC}.Debug|Any CPU.Build.0 = Debug|Any CPU
		{5D173E05-06B4-4596-BECA-89CAD4D1CFDC}.Release|Any CPU.ActiveCfg = Release|Any CPU
		{5D173E05-06B4-4596-BECA-89CAD4D1CFDC}.Release|Any CPU.Build.0 = Release|Any CPU
	EndGlobalSection
	GlobalSection(SolutionProperties) = preSolution
		HideSolutionNode = FALSE
	EndGlobalSection
	GlobalSection(ExtensibilityGlobals) = postSolution
		SolutionGuid = {D998CC6E-36D6-49E2-9E18-EFB95E5072EC}
	EndGlobalSection
EndGlobal
