
Microsoft Visual Studio Solution File, Format Version 12.00
# Visual Studio Version 17
VisualStudioVersion = 17.8.34525.116
MinimumVisualStudioVersion = 10.0.40219.1
Project("{FAE04EC0-301F-11D3-BF4B-00C04F79EFBC}") = "segundo-parcial-progra-I", "segundo-parcial-progra-I.csproj", "{AA5DD7F1-56AE-4065-A785-32FA223A1201}"
EndProject
Global
	GlobalSection(SolutionConfigurationPlatforms) = preSolution
		Debug|Any CPU = Debug|Any CPU
		Release|Any CPU = Release|Any CPU
	EndGlobalSection
	GlobalSection(ProjectConfigurationPlatforms) = postSolution
		{AA5DD7F1-56AE-4065-A785-32FA223A1201}.Debug|Any CPU.ActiveCfg = Debug|Any CPU
		{AA5DD7F1-56AE-4065-A785-32FA223A1201}.Debug|Any CPU.Build.0 = Debug|Any CPU
		{AA5DD7F1-56AE-4065-A785-32FA223A1201}.Release|Any CPU.ActiveCfg = Release|Any CPU
		{AA5DD7F1-56AE-4065-A785-32FA223A1201}.Release|Any CPU.Build.0 = Release|Any CPU
	EndGlobalSection
	GlobalSection(SolutionProperties) = preSolution
		HideSolutionNode = FALSE
	EndGlobalSection
	GlobalSection(ExtensibilityGlobals) = postSolution
		SolutionGuid = {4F96179E-2DE9-4319-9529-DFF6CF3AFD56}
	EndGlobalSection
EndGlobal
